{
	"name": "@anontown/route",
	"version": "2.0.0",
	"lockfileVersion": 1,
	"requires": true,
	"dependencies": {
		"decode-uri-component": {
			"version": "0.2.0",
			"resolved": "https://registry.npmjs.org/decode-uri-component/-/decode-uri-component-0.2.0.tgz",
			"integrity": "sha1-6zkTMzRYd1y4TNGh+uBiEGu4dUU="
		},
		"fp-ts": {
			"version": "2.0.3",
			"resolved": "https://registry.npmjs.org/fp-ts/-/fp-ts-2.0.3.tgz",
			"integrity": "sha512-b/WPo5AVPDYbdye/AGOMST/tqudtgbpMjm3TJGkd36ROihD67UEKFeUH83V3iSdrIG4wwoFsd6lLpjtpek1oVw=="
		},
		"query-string": {
			"version": "6.8.2",
			"resolved": "https://registry.npmjs.org/query-string/-/query-string-6.8.2.tgz",
			"integrity": "sha512-J3Qi8XZJXh93t2FiKyd/7Ec6GNifsjKXUsVFkSBj/kjLsDylWhnCz4NT1bkPcKotttPW+QbKGqqPH8OoI2pdqw==",
			"requires": {
				"decode-uri-component": "^0.2.0",
				"split-on-first": "^1.0.0",
				"strict-uri-encode": "^2.0.0"
			}
		},
		"split-on-first": {
			"version": "1.1.0",
			"resolved": "https://registry.npmjs.org/split-on-first/-/split-on-first-1.1.0.tgz",
			"integrity": "sha512-43ZssAJaMusuKWL8sKUBQXHWOpq8d6CfN/u1p4gUzfJkM05C8rxTmYrkIPTXapZpORA6LkkzcUulJ8FqA7Uudw=="
		},
		"strict-uri-encode": {
			"version": "2.0.0",
			"resolved": "https://registry.npmjs.org/strict-uri-encode/-/strict-uri-encode-2.0.0.tgz",
			"integrity": "sha1-ucczDHBChi9rFC3CdLvMWGbONUY="
		},
		"typescript": {
			"version": "3.5.2",
			"resolved": "https://registry.npmjs.org/typescript/-/typescript-3.5.2.tgz",
			"integrity": "sha512-7KxJovlYhTX5RaRbUdkAXN1KUZ8PwWlTzQdHV6xNqvuFOs7+WBo10TQUqT19Q/Jz2hk5v9TQDIhyLhhJY4p5AA==",
			"dev": true
		}
	}
}
